{
  "name": "@tetherto/mdk-plugins",
  "version": "0.2.0",
  "lockfileVersion": 3,
  "requires": true,
  "packages": {
    "": {
      "name": "@tetherto/mdk-plugins",
      "version": "0.2.0",
      "license": "Apache-2.0",
      "dependencies": {
        "@bitfinex/lib-js-util-base": "git+https://github.com/bitfinexcom/lib-js-util-base.git"
      },
      "engines": {
        "node": ">=24"
      }
    },
    "node_modules/@bitfinex/lib-js-util-base": {
      "version": "2.0.2",
      "resolved": "git+ssh://git@github.com/bitfinexcom/lib-js-util-base.git#e915c19224d8e334b3260ae3e979a50865722446",
      "license": "MIT"
    }
  }
}
